// !$*UTF8*$!
{
	archiveVersion = 1;
	classes = {
	};
	objectVersion = 46;
	objects = {

/* Begin PBXBuildFile section */
		3063141D1C8287AB00F55D46 /* AppDelegate.swift in Sources */ = {isa = PBXBuildFile; fileRef = 3063141C1C8287AB00F55D46 /* AppDelegate.swift */; };
		3063141F1C8287AB00F55D46 /* ViewController.swift in Sources */ = {isa = PBXBuildFile; fileRef = 3063141E1C8287AB00F55D46 /* ViewController.swift */; };
		306314221C8287AB00F55D46 /* Main.storyboard in Resources */ = {isa = PBXBuildFile; fileRef = 306314201C8287AB00F55D46 /* Main.storyboard */; };
		306314241C8287AB00F55D46 /* Assets.xcassets in Resources */ = {isa = PBXBuildFile; fileRef = 306314231C8287AB00F55D46 /* Assets.xcassets */; };
		306314271C8287AB00F55D46 /* LaunchScreen.storyboard in Resources */ = {isa = PBXBuildFile; fileRef = 306314251C8287AB00F55D46 /* LaunchScreen.storyboard */; };
		3063142F1C8287F900F55D46 /* Datos.swift in Sources */ = {isa = PBXBuildFile; fileRef = 3063142E1C8287F900F55D46 /* Datos.swift */; };
/* End PBXBuildFile section */

/* Begin PBXFileReference section */
		306314191C8287AB00F55D46 /* MenuHamburguesas.app */ = {isa = PBXFileReference; explicitFileType = wrapper.application; includeInIndex = 0; path = MenuHamburguesas.app; sourceTree = BUILT_PRODUCTS_DIR; };
		3063141C1C8287AB00F55D46 /* AppDelegate.swift */ = {isa = PBXFileReference; lastKnownFileType = sourcecode.swift; path = AppDelegate.swift; sourceTree = "<group>"; };
		3063141E1C8287AB00F55D46 /* ViewController.swift */ = {isa = PBXFileReference; lastKnownFileType = sourcecode.swift; path = ViewController.swift; sourceTree = "<group>"; };
		306314211C8287AB00F55D46 /* Base */ = {isa = PBXFileReference; lastKnownFileType = file.storyboard; name = Base; path = Base.lproj/Main.storyboard; sourceTree = "<group>"; };
		306314231C8287AB00F55D46 /* Assets.xcassets */ = {isa = PBXFileReference; lastKnownFileType = folder.assetcatalog; path = Assets.xcassets; sourceTree = "<group>"; };
		306314261C8287AB00F55D46 /* Base */ = {isa = PBXFileReference; lastKnownFileType = file.storyboard; name = Base; path = Base.lproj/LaunchScreen.storyboard; sourceTree = "<group>"; };
		306314281C8287AB00F55D46 /* Info.plist */ = {isa = PBXFileReference; lastKnownFileType = text.plist.xml; path = Info.plist; sourceTree = "<group>"; };
		3063142E1C8287F900F55D46 /* Datos.swift */ = {isa = PBXFileReference; fileEncoding = 4; lastKnownFileType = sourcecode.swift; name = Datos.swift; path = ../Datos.swift; sourceTree = "<group>"; };
/* End PBXFileReference section */

/* Begin PBXFrameworksBuildPhase section */
		306314161C8287AB00F55D46 /* Frameworks */ = {
			isa = PBXFrameworksBuildPhase;
			buildActionMask = 2147483647;
			files = (
			);
			runOnlyForDeploymentPostprocessing = 0;
		};
/* End PBXFrameworksBuildPhase section */

/* Begin PBXGroup section */
		306314101C8287AB00F55D46 = {
			isa = PBXGroup;
			children = (
				3063141B1C8287AB00F55D46 /* MenuHamburguesas */,
				3063141A1C8287AB00F55D46 /* Products */,
			);
			sourceTree = "<group>";
		};
		3063141A1C8287AB00F55D46 /* Products */ = {
			isa = PBXGroup;
			children = (
				306314191C8287AB00F55D46 /* MenuHamburguesas.app */,
			);
			name = Products;
			sourceTree = "<group>";
		};
		3063141B1C8287AB00F55D46 /* MenuHamburguesas */ = {
			isa = PBXGroup;
			children = (
				3063141C1C8287AB00F55D46 /* AppDelegate.swift */,
				3063141E1C8287AB00F55D46 /* ViewController.swift */,
				306314201C8287AB00F55D46 /* Main.storyboard */,
				306314231C8287AB00F55D46 /* Assets.xcassets */,
				306314251C8287AB00F55D46 /* LaunchScreen.storyboard */,
				306314281C8287AB00F55D46 /* Info.plist */,
				3063142E1C8287F900F55D46 /* Datos.swift */,
			);
			path = MenuHamburguesas;
			sourceTree = "<group>";
		};
/* End PBXGroup section */

/* Begin PBXNativeTarget section */
		306314181C8287AB00F55D46 /* MenuHamburguesas */ = {
			isa = PBXNativeTarget;
			buildConfigurationList = 3063142B1C8287AB00F55D46 /* Build configuration list for PBXNativeTarget "MenuHamburguesas" */;
			buildPhases = (
				306314151C8287AB00F55D46 /* Sources */,
				306314161C8287AB00F55D46 /* Frameworks */,
				306314171C8287AB00F55D46 /* Resources */,
			);
			buildRules = (
			);
			dependencies = (
			);
			name = MenuHamburguesas;
			productName = MenuHamburguesas;
			productReference = 306314191C8287AB00F55D46 /* MenuHamburguesas.app */;
			productType = "com.apple.product-type.application";
		};
/* End PBXNativeTarget section */

/* Begin PBXProject section */
		306314111C8287AB00F55D46 /* Project object */ = {
			isa = PBXProject;
			attributes = {
				LastSwiftUpdateCheck = 0720;
				LastUpgradeCheck = 0720;
				ORGANIZATIONNAME = Nailim;
				TargetAttributes = {
					306314181C8287AB00F55D46 = {
						CreatedOnToolsVersion = 7.2;
					};
				};
			};
			buildConfigurationList = 306314141C8287AB00F55D46 /* Build configuration list for PBXProject "MenuHamburguesas" */;
			compatibilityVersion = "Xcode 3.2";
			developmentRegion = English;
			hasScannedForEncodings = 0;
			knownRegions = (
				en,
				Base,
			);
			mainGroup = 306314101C8287AB00F55D46;
			productRefGroup = 3063141A1C8287AB00F55D46 /* Products */;
			projectDirPath = "";
			projectRoot = "";
			targets = (
				306314181C8287AB00F55D46 /* MenuHamburguesas */,
			);
		};
/* End PBXProject section */

/* Begin PBXResourcesBuildPhase section */
		306314171C8287AB00F55D46 /* Resources */ = {
			isa = PBXResourcesBuildPhase;
			buildActionMask = 2147483647;
			files = (
				306314271C8287AB00F55D46 /* LaunchScreen.storyboard in Resources */,
				306314241C8287AB00F55D46 /* Assets.xcassets in Resources */,
				306314221C8287AB00F55D46 /* Main.storyboard in Resources */,
			);
			runOnlyForDeploymentPostprocessing = 0;
		};
/* End PBXResourcesBuildPhase section */

/* Begin PBXSourcesBuildPhase section */
		306314151C8287AB00F55D46 /* Sources */ = {
			isa = PBXSourcesBuildPhase;
			buildActionMask = 2147483647;
			files = (
				3063141F1C8287AB00F55D46 /* ViewController.swift in Sources */,
				3063141D1C8287AB00F55D46 /* AppDelegate.swift in Sources */,
				3063142F1C8287F900F55D46 /* Datos.swift in Sources */,
			);
			runOnlyForDeploymentPostprocessing = 0;
		};
/* End PBXSourcesBuildPhase section */

/* Begin PBXVariantGroup section */
		306314201C8287AB00F55D46 /* Main.storyboard */ = {
			isa = PBXVariantGroup;
			children = (
				306314211C8287AB00F55D46 /* Base */,
			);
			name = Main.storyboard;
			sourceTree = "<group>";
		};
		306314251C8287AB00F55D46 /* LaunchScreen.storyboard */ = {
			isa = PBXVariantGroup;
			children = (
				306314261C8287AB00F55D46 /* Base */,
			);
			name = LaunchScreen.storyboard;
			sourceTree = "<group>";
		};
/* End PBXVariantGroup section */

/* Begin XCBuildConfiguration section */
		306314291C8287AB00F55D46 /* Debug */ = {
			isa = XCBuildConfiguration;
			buildSettings = {
				ALWAYS_SEARCH_USER_PATHS = NO;
				CLANG_CXX_LANGUAGE_STANDARD = "gnu++0x";
				CLANG_CXX_LIBRARY = "libc++";
				CLANG_ENABLE_MODULES = YES;
				CLANG_ENABLE_OBJC_ARC = YES;
				CLANG_WARN_BOOL_CONVERSION = YES;
				CLANG_WARN_CONSTANT_CONVERSION = YES;
				CLANG_WARN_DIRECT_OBJC_ISA_USAGE = YES_ERROR;
				CLANG_WARN_EMPTY_BODY = YES;
				CLANG_WARN_ENUM_CONVERSION = YES;
				CLANG_WARN_INT_CONVERSION = YES;
				CLANG_WARN_OBJC_ROOT_CLASS = YES_ERROR;
				CLANG_WARN_UNREACHABLE_CODE = YES;
				CLANG_WARN__DUPLICATE_METHOD_MATCH = YES;
				"CODE_SIGN_IDENTITY[sdk=iphoneos*]" = "iPhone Developer";
				COPY_PHASE_STRIP = NO;
				DEBUG_INFORMATION_FORMAT = dwarf;
				ENABLE_STRICT_OBJC_MSGSEND = YES;
				ENABLE_TESTABILITY = YES;
				GCC_C_LANGUAGE_STANDARD = gnu99;
				GCC_DYNAMIC_NO_PIC = NO;
				GCC_NO_COMMON_BLOCKS = YES;
				GCC_OPTIMIZATION_LEVEL = 0;
				GCC_PREPROCESSOR_DEFINITIONS = (
					"DEBUG=1",
					"$(inherited)",
				);
				GCC_WARN_64_TO_32_BIT_CONVERSION = YES;
				GCC_WARN_ABOUT_RETURN_TYPE = YES_ERROR;
				GCC_WARN_UNDECLARED_SELECTOR = YES;
				GCC_WARN_UNINITIALIZED_AUTOS = YES_AGGRESSIVE;
				GCC_WARN_UNUSED_FUNCTION = YES;
				GCC_WARN_UNUSED_VARIABLE = YES;
				IPHONEOS_DEPLOYMENT_TARGET = 9.2;
				MTL_ENABLE_DEBUG_INFO = YES;
				ONLY_ACTIVE_ARCH = YES;
				SDKROOT = iphoneos;
				SWIFT_OPTIMIZATION_LEVEL = "-Onone";
			};
			name = Debug;
		};
		3063142A1C8287AB00F55D46 /* Release */ = {
			isa = XCBuildConfiguration;
			buildSettings = {
				ALWAYS_SEARCH_USER_PATHS = NO;
				CLANG_CXX_LANGUAGE_STANDARD = "gnu++0x";
				CLANG_CXX_LIBRARY = "libc++";
				CLANG_ENABLE_MODULES = YES;
				CLANG_ENABLE_OBJC_ARC = YES;
				CLANG_WARN_BOOL_CONVERSION = YES;
				CLANG_WARN_CONSTANT_CONVERSION = YES;
				CLANG_WARN_DIRECT_OBJC_ISA_USAGE = YES_ERROR;
				CLANG_WARN_EMPTY_BODY = YES;
				CLANG_WARN_ENUM_CONVERSION = YES;
				CLANG_WARN_INT_CONVERSION = YES;
				CLANG_WARN_OBJC_ROOT_CLASS = YES_ERROR;
				CLANG_WARN_UNREACHABLE_CODE = YES;
				CLANG_WARN__DUPLICATE_METHOD_MATCH = YES;
				"CODE_SIGN_IDENTITY[sdk=iphoneos*]" = "iPhone Developer";
				COPY_PHASE_STRIP = NO;
				DEBUG_INFORMATION_FORMAT = "dwarf-with-dsym";
				ENABLE_NS_ASSERTIONS = NO;
				ENABLE_STRICT_OBJC_MSGSEND = YES;
				GCC_C_LANGUAGE_STANDARD = gnu99;
				GCC_NO_COMMON_BLOCKS = YES;
				GCC_WARN_64_TO_32_BIT_CONVERSION = YES;
				GCC_WARN_ABOUT_RETURN_TYPE = YES_ERROR;
				GCC_WARN_UNDECLARED_SELECTOR = YES;
				GCC_WARN_UNINITIALIZED_AUTOS = YES_AGGRESSIVE;
				GCC_WARN_UNUSED_FUNCTION = YES;
				GCC_WARN_UNUSED_VARIABLE = YES;
				IPHONEOS_DEPLOYMENT_TARGET = 9.2;
				MTL_ENABLE_DEBUG_INFO = NO;
				SDKROOT = iphoneos;
				VALIDATE_PRODUCT = YES;
			};
			name = Release;
		};
		3063142C1C8287AB00F55D46 /* Debug */ = {
			isa = XCBuildConfiguration;
			buildSettings = {
				ASSETCATALOG_COMPILER_APPICON_NAME = AppIcon;
				INFOPLIST_FILE = MenuHamburguesas/Info.plist;
				LD_RUNPATH_SEARCH_PATHS = "$(inherited) @executable_path/Frameworks";
				PRODUCT_BUNDLE_IDENTIFIER = mx.nailim.MenuHamburguesas;
				PRODUCT_NAME = "$(TARGET_NAME)";
			};
			name = Debug;
		};
		3063142D1C8287AB00F55D46 /* Release */ = {
			isa = XCBuildConfiguration;
			buildSettings = {
				ASSETCATALOG_COMPILER_APPICON_NAME = AppIcon;
				INFOPLIST_FILE = MenuHamburguesas/Info.plist;
				LD_RUNPATH_SEARCH_PATHS = "$(inherited) @executable_path/Frameworks";
				PRODUCT_BUNDLE_IDENTIFIER = mx.nailim.MenuHamburguesas;
				PRODUCT_NAME = "$(TARGET_NAME)";
			};
			name = Release;
		};
/* End XCBuildConfiguration section */

/* Begin XCConfigurationList section */
		306314141C8287AB00F55D46 /* Build configuration list for PBXProject "MenuHamburguesas" */ = {
			isa = XCConfigurationList;
			buildConfigurations = (
				306314291C8287AB00F55D46 /* Debug */,
				3063142A1C8287AB00F55D46 /* Release */,
			);
			defaultConfigurationIsVisible = 0;
			defaultConfigurationName = Release;
		};
		3063142B1C8287AB00F55D46 /* Build configuration list for PBXNativeTarget "MenuHamburguesas" */ = {
			isa = XCConfigurationList;
			buildConfigurations = (
				3063142C1C8287AB00F55D46 /* Debug */,
				3063142D1C8287AB00F55D46 /* Release */,
			);
			defaultConfigurationIsVisible = 0;
		};
/* End XCConfigurationList section */
	};
	rootObject = 306314111C8287AB00F55D46 /* Project object */;
}
